// !$*UTF8*$!
{
	archiveVersion = 1;
	classes = {
	};
	objectVersion = 50;
	objects = {

/* Begin PBXBuildFile section */
		E41936C52298467C009AAAB8 /* WAMMovieController.m in Sources */ = {isa = PBXBuildFile; fileRef = E41936C42298467C009AAAB8 /* WAMMovieController.m */; };
		E41936D722985033009AAAB8 /* MovieListTableViewController.swift in Sources */ = {isa = PBXBuildFile; fileRef = E41936D622985033009AAAB8 /* MovieListTableViewController.swift */; };
		E41936DA229850D3009AAAB8 /* MovieTableViewCell.swift in Sources */ = {isa = PBXBuildFile; fileRef = E41936D9229850D3009AAAB8 /* MovieTableViewCell.swift */; };
		E4647E8122983FCF00BD5354 /* AppDelegate.m in Sources */ = {isa = PBXBuildFile; fileRef = E4647E8022983FCF00BD5354 /* AppDelegate.m */; };
		E4647E8722983FCF00BD5354 /* Main.storyboard in Resources */ = {isa = PBXBuildFile; fileRef = E4647E8522983FCF00BD5354 /* Main.storyboard */; };
		E4647E8922983FD100BD5354 /* Assets.xcassets in Resources */ = {isa = PBXBuildFile; fileRef = E4647E8822983FD100BD5354 /* Assets.xcassets */; };
		E4647E8C22983FD100BD5354 /* LaunchScreen.storyboard in Resources */ = {isa = PBXBuildFile; fileRef = E4647E8A22983FD100BD5354 /* LaunchScreen.storyboard */; };
		E4647E8F22983FD100BD5354 /* main.m in Sources */ = {isa = PBXBuildFile; fileRef = E4647E8E22983FD100BD5354 /* main.m */; };
		E4647E972298400700BD5354 /* WAMMovie.m in Sources */ = {isa = PBXBuildFile; fileRef = E4647E962298400700BD5354 /* WAMMovie.m */; };
/* End PBXBuildFile section */

/* Begin PBXFileReference section */
		E41936C32298467C009AAAB8 /* WAMMovieController.h */ = {isa = PBXFileReference; lastKnownFileType = sourcecode.c.h; path = WAMMovieController.h; sourceTree = "<group>"; };
		E41936C42298467C009AAAB8 /* WAMMovieController.m */ = {isa = PBXFileReference; lastKnownFileType = sourcecode.c.objc; path = WAMMovieController.m; sourceTree = "<group>"; };
		E41936D622985033009AAAB8 /* MovieListTableViewController.swift */ = {isa = PBXFileReference; lastKnownFileType = sourcecode.swift; path = MovieListTableViewController.swift; sourceTree = "<group>"; };
		E41936D822985061009AAAB8 /* MovieSearchC-Bridging-Header.h */ = {isa = PBXFileReference; lastKnownFileType = sourcecode.c.h; path = "MovieSearchC-Bridging-Header.h"; sourceTree = "<group>"; };
		E41936D9229850D3009AAAB8 /* MovieTableViewCell.swift */ = {isa = PBXFileReference; lastKnownFileType = sourcecode.swift; path = MovieTableViewCell.swift; sourceTree = "<group>"; };
		E4647E7C22983FCF00BD5354 /* MovieSearchC.app */ = {isa = PBXFileReference; explicitFileType = wrapper.application; includeInIndex = 0; path = MovieSearchC.app; sourceTree = BUILT_PRODUCTS_DIR; };
		E4647E7F22983FCF00BD5354 /* AppDelegate.h */ = {isa = PBXFileReference; lastKnownFileType = sourcecode.c.h; path = AppDelegate.h; sourceTree = "<group>"; };
		E4647E8022983FCF00BD5354 /* AppDelegate.m */ = {isa = PBXFileReference; lastKnownFileType = sourcecode.c.objc; path = AppDelegate.m; sourceTree = "<group>"; };
		E4647E8622983FCF00BD5354 /* Base */ = {isa = PBXFileReference; lastKnownFileType = file.storyboard; name = Base; path = Base.lproj/Main.storyboard; sourceTree = "<group>"; };
		E4647E8822983FD100BD5354 /* Assets.xcassets */ = {isa = PBXFileReference; lastKnownFileType = folder.assetcatalog; path = Assets.xcassets; sourceTree = "<group>"; };
		E4647E8B22983FD100BD5354 /* Base */ = {isa = PBXFileReference; lastKnownFileType = file.storyboard; name = Base; path = Base.lproj/LaunchScreen.storyboard; sourceTree = "<group>"; };
		E4647E8D22983FD100BD5354 /* Info.plist */ = {isa = PBXFileReference; lastKnownFileType = text.plist.xml; path = Info.plist; sourceTree = "<group>"; };
		E4647E8E22983FD100BD5354 /* main.m */ = {isa = PBXFileReference; lastKnownFileType = sourcecode.c.objc; path = main.m; sourceTree = "<group>"; };
		E4647E952298400700BD5354 /* WAMMovie.h */ = {isa = PBXFileReference; lastKnownFileType = sourcecode.c.h; path = WAMMovie.h; sourceTree = "<group>"; };
		E4647E962298400700BD5354 /* WAMMovie.m */ = {isa = PBXFileReference; lastKnownFileType = sourcecode.c.objc; path = WAMMovie.m; sourceTree = "<group>"; };
/* End PBXFileReference section */

/* Begin PBXFrameworksBuildPhase section */
		E4647E7922983FCF00BD5354 /* Frameworks */ = {
			isa = PBXFrameworksBuildPhase;
			buildActionMask = 2147483647;
			files = (
			);
			runOnlyForDeploymentPostprocessing = 0;
		};
/* End PBXFrameworksBuildPhase section */

/* Begin PBXGroup section */
		E41936DB22985BD3009AAAB8 /* Resources */ = {
			isa = PBXGroup;
			children = (
				E4647E7F22983FCF00BD5354 /* AppDelegate.h */,
				E4647E8022983FCF00BD5354 /* AppDelegate.m */,
				E4647E8822983FD100BD5354 /* Assets.xcassets */,
				E4647E8A22983FD100BD5354 /* LaunchScreen.storyboard */,
				E4647E8D22983FD100BD5354 /* Info.plist */,
				E4647E8E22983FD100BD5354 /* main.m */,
			);
			path = Resources;
			sourceTree = "<group>";
		};
		E41936DC22985BE7009AAAB8 /* Controllers */ = {
			isa = PBXGroup;
			children = (
				E41936E022985C12009AAAB8 /* ViewControllers */,
				E41936DF22985C0B009AAAB8 /* ModelControllers */,
			);
			path = Controllers;
			sourceTree = "<group>";
		};
		E41936DD22985BEE009AAAB8 /* Views */ = {
			isa = PBXGroup;
			children = (
				E41936D9229850D3009AAAB8 /* MovieTableViewCell.swift */,
				E4647E8522983FCF00BD5354 /* Main.storyboard */,
			);
			path = Views;
			sourceTree = "<group>";
		};
		E41936DE22985BF4009AAAB8 /* Models */ = {
			isa = PBXGroup;
			children = (
				E4647E952298400700BD5354 /* WAMMovie.h */,
				E4647E962298400700BD5354 /* WAMMovie.m */,
			);
			path = Models;
			sourceTree = "<group>";
		};
		E41936DF22985C0B009AAAB8 /* ModelControllers */ = {
			isa = PBXGroup;
			children = (
				E41936C32298467C009AAAB8 /* WAMMovieController.h */,
				E41936C42298467C009AAAB8 /* WAMMovieController.m */,
			);
			path = ModelControllers;
			sourceTree = "<group>";
		};
		E41936E022985C12009AAAB8 /* ViewControllers */ = {
			isa = PBXGroup;
			children = (
				E41936D622985033009AAAB8 /* MovieListTableViewController.swift */,
			);
			path = ViewControllers;
			sourceTree = "<group>";
		};
		E4647E7322983FCF00BD5354 = {
			isa = PBXGroup;
			children = (
				E4647E7E22983FCF00BD5354 /* MovieSearchC */,
				E4647E7D22983FCF00BD5354 /* Products */,
			);
			sourceTree = "<group>";
		};
		E4647E7D22983FCF00BD5354 /* Products */ = {
			isa = PBXGroup;
			children = (
				E4647E7C22983FCF00BD5354 /* MovieSearchC.app */,
			);
			name = Products;
			sourceTree = "<group>";
		};
		E4647E7E22983FCF00BD5354 /* MovieSearchC */ = {
			isa = PBXGroup;
			children = (
				E41936DE22985BF4009AAAB8 /* Models */,
				E41936DD22985BEE009AAAB8 /* Views */,
				E41936DC22985BE7009AAAB8 /* Controllers */,
				E41936DB22985BD3009AAAB8 /* Resources */,
				E41936D822985061009AAAB8 /* MovieSearchC-Bridging-Header.h */,
			);
			path = MovieSearchC;
			sourceTree = "<group>";
		};
/* End PBXGroup section */

/* Begin PBXNativeTarget section */
		E4647E7B22983FCF00BD5354 /* MovieSearchC */ = {
			isa = PBXNativeTarget;
			buildConfigurationList = E4647E9222983FD100BD5354 /* Build configuration list for PBXNativeTarget "MovieSearchC" */;
			buildPhases = (
				E4647E7822983FCF00BD5354 /* Sources */,
				E4647E7922983FCF00BD5354 /* Frameworks */,
				E4647E7A22983FCF00BD5354 /* Resources */,
			);
			buildRules = (
			);
			dependencies = (
			);
			name = MovieSearchC;
			productName = MovieSearchC;
			productReference = E4647E7C22983FCF00BD5354 /* MovieSearchC.app */;
			productType = "com.apple.product-type.application";
		};
/* End PBXNativeTarget section */

/* Begin PBXProject section */
		E4647E7422983FCF00BD5354 /* Project object */ = {
			isa = PBXProject;
			attributes = {
				CLASSPREFIX = WAM;
				LastUpgradeCheck = 1020;
				ORGANIZATIONNAME = devmtn;
				TargetAttributes = {
					E4647E7B22983FCF00BD5354 = {
						CreatedOnToolsVersion = 10.2.1;
						LastSwiftMigration = 1020;
					};
				};
			};
			buildConfigurationList = E4647E7722983FCF00BD5354 /* Build configuration list for PBXProject "MovieSearchC" */;
			compatibilityVersion = "Xcode 9.3";
			developmentRegion = en;
			hasScannedForEncodings = 0;
			knownRegions = (
				en,
				Base,
			);
			mainGroup = E4647E7322983FCF00BD5354;
			productRefGroup = E4647E7D22983FCF00BD5354 /* Products */;
			projectDirPath = "";
			projectRoot = "";
			targets = (
				E4647E7B22983FCF00BD5354 /* MovieSearchC */,
			);
		};
/* End PBXProject section */

/* Begin PBXResourcesBuildPhase section */
		E4647E7A22983FCF00BD5354 /* Resources */ = {
			isa = PBXResourcesBuildPhase;
			buildActionMask = 2147483647;
			files = (
				E4647E8C22983FD100BD5354 /* LaunchScreen.storyboard in Resources */,
				E4647E8922983FD100BD5354 /* Assets.xcassets in Resources */,
				E4647E8722983FCF00BD5354 /* Main.storyboard in Resources */,
			);
			runOnlyForDeploymentPostprocessing = 0;
		};
/* End PBXResourcesBuildPhase section */

/* Begin PBXSourcesBuildPhase section */
		E4647E7822983FCF00BD5354 /* Sources */ = {
			isa = PBXSourcesBuildPhase;
			buildActionMask = 2147483647;
			files = (
				E41936C52298467C009AAAB8 /* WAMMovieController.m in Sources */,
				E4647E8F22983FD100BD5354 /* main.m in Sources */,
				E41936DA229850D3009AAAB8 /* MovieTableViewCell.swift in Sources */,
				E4647E972298400700BD5354 /* WAMMovie.m in Sources */,
				E4647E8122983FCF00BD5354 /* AppDelegate.m in Sources */,
				E41936D722985033009AAAB8 /* MovieListTableViewController.swift in Sources */,
			);
			runOnlyForDeploymentPostprocessing = 0;
		};
/* End PBXSourcesBuildPhase section */

/* Begin PBXVariantGroup section */
		E4647E8522983FCF00BD5354 /* Main.storyboard */ = {
			isa = PBXVariantGroup;
			children = (
				E4647E8622983FCF00BD5354 /* Base */,
			);
			name = Main.storyboard;
			sourceTree = "<group>";
		};
		E4647E8A22983FD100BD5354 /* LaunchScreen.storyboard */ = {
			isa = PBXVariantGroup;
			children = (
				E4647E8B22983FD100BD5354 /* Base */,
			);
			name = LaunchScreen.storyboard;
			sourceTree = "<group>";
		};
/* End PBXVariantGroup section */

/* Begin XCBuildConfiguration section */
		E4647E9022983FD100BD5354 /* Debug */ = {
			isa = XCBuildConfiguration;
			buildSettings = {
				ALWAYS_SEARCH_USER_PATHS = NO;
				CLANG_ANALYZER_NONNULL = YES;
				CLANG_ANALYZER_NUMBER_OBJECT_CONVERSION = YES_AGGRESSIVE;
				CLANG_CXX_LANGUAGE_STANDARD = "gnu++14";
				CLANG_CXX_LIBRARY = "libc++";
				CLANG_ENABLE_MODULES = YES;
				CLANG_ENABLE_OBJC_ARC = YES;
				CLANG_ENABLE_OBJC_WEAK = YES;
				CLANG_WARN_BLOCK_CAPTURE_AUTORELEASING = YES;
				CLANG_WARN_BOOL_CONVERSION = YES;
				CLANG_WARN_COMMA = YES;
				CLANG_WARN_CONSTANT_CONVERSION = YES;
				CLANG_WARN_DEPRECATED_OBJC_IMPLEMENTATIONS = YES;
				CLANG_WARN_DIRECT_OBJC_ISA_USAGE = YES_ERROR;
				CLANG_WARN_DOCUMENTATION_COMMENTS = YES;
				CLANG_WARN_EMPTY_BODY = YES;
				CLANG_WARN_ENUM_CONVERSION = YES;
				CLANG_WARN_INFINITE_RECURSION = YES;
				CLANG_WARN_INT_CONVERSION = YES;
				CLANG_WARN_NON_LITERAL_NULL_CONVERSION = YES;
				CLANG_WARN_OBJC_IMPLICIT_RETAIN_SELF = YES;
				CLANG_WARN_OBJC_LITERAL_CONVERSION = YES;
				CLANG_WARN_OBJC_ROOT_CLASS = YES_ERROR;
				CLANG_WARN_RANGE_LOOP_ANALYSIS = YES;
				CLANG_WARN_STRICT_PROTOTYPES = YES;
				CLANG_WARN_SUSPICIOUS_MOVE = YES;
				CLANG_WARN_UNGUARDED_AVAILABILITY = YES_AGGRESSIVE;
				CLANG_WARN_UNREACHABLE_CODE = YES;
				CLANG_WARN__DUPLICATE_METHOD_MATCH = YES;
				CODE_SIGN_IDENTITY = "iPhone Developer";
				COPY_PHASE_STRIP = NO;
				DEBUG_INFORMATION_FORMAT = dwarf;
				ENABLE_STRICT_OBJC_MSGSEND = YES;
				ENABLE_TESTABILITY = YES;
				GCC_C_LANGUAGE_STANDARD = gnu11;
				GCC_DYNAMIC_NO_PIC = NO;
				GCC_NO_COMMON_BLOCKS = YES;
				GCC_OPTIMIZATION_LEVEL = 0;
				GCC_PREPROCESSOR_DEFINITIONS = (
					"DEBUG=1",
					"$(inherited)",
				);
				GCC_WARN_64_TO_32_BIT_CONVERSION = YES;
				GCC_WARN_ABOUT_RETURN_TYPE = YES_ERROR;
				GCC_WARN_UNDECLARED_SELECTOR = YES;
				GCC_WARN_UNINITIALIZED_AUTOS = YES_AGGRESSIVE;
				GCC_WARN_UNUSED_FUNCTION = YES;
				GCC_WARN_UNUSED_VARIABLE = YES;
				IPHONEOS_DEPLOYMENT_TARGET = 12.2;
				MTL_ENABLE_DEBUG_INFO = INCLUDE_SOURCE;
				MTL_FAST_MATH = YES;
				ONLY_ACTIVE_ARCH = YES;
				SDKROOT = iphoneos;
			};
			name = Debug;
		};
		E4647E9122983FD100BD5354 /* Release */ = {
			isa = XCBuildConfiguration;
			buildSettings = {
				ALWAYS_SEARCH_USER_PATHS = NO;
				CLANG_ANALYZER_NONNULL = YES;
				CLANG_ANALYZER_NUMBER_OBJECT_CONVERSION = YES_AGGRESSIVE;
				CLANG_CXX_LANGUAGE_STANDARD = "gnu++14";
				CLANG_CXX_LIBRARY = "libc++";
				CLANG_ENABLE_MODULES = YES;
				CLANG_ENABLE_OBJC_ARC = YES;
				CLANG_ENABLE_OBJC_WEAK = YES;
				CLANG_WARN_BLOCK_CAPTURE_AUTORELEASING = YES;
				CLANG_WARN_BOOL_CONVERSION = YES;
				CLANG_WARN_COMMA = YES;
				CLANG_WARN_CONSTANT_CONVERSION = YES;
				CLANG_WARN_DEPRECATED_OBJC_IMPLEMENTATIONS = YES;
				CLANG_WARN_DIRECT_OBJC_ISA_USAGE = YES_ERROR;
				CLANG_WARN_DOCUMENTATION_COMMENTS = YES;
				CLANG_WARN_EMPTY_BODY = YES;
				CLANG_WARN_ENUM_CONVERSION = YES;
				CLANG_WARN_INFINITE_RECURSION = YES;
				CLANG_WARN_INT_CONVERSION = YES;
				CLANG_WARN_NON_LITERAL_NULL_CONVERSION = YES;
				CLANG_WARN_OBJC_IMPLICIT_RETAIN_SELF = YES;
				CLANG_WARN_OBJC_LITERAL_CONVERSION = YES;
				CLANG_WARN_OBJC_ROOT_CLASS = YES_ERROR;
				CLANG_WARN_RANGE_LOOP_ANALYSIS = YES;
				CLANG_WARN_STRICT_PROTOTYPES = YES;
				CLANG_WARN_SUSPICIOUS_MOVE = YES;
				CLANG_WARN_UNGUARDED_AVAILABILITY = YES_AGGRESSIVE;
				CLANG_WARN_UNREACHABLE_CODE = YES;
				CLANG_WARN__DUPLICATE_METHOD_MATCH = YES;
				CODE_SIGN_IDENTITY = "iPhone Developer";
				COPY_PHASE_STRIP = NO;
				DEBUG_INFORMATION_FORMAT = "dwarf-with-dsym";
				ENABLE_NS_ASSERTIONS = NO;
				ENABLE_STRICT_OBJC_MSGSEND = YES;
				GCC_C_LANGUAGE_STANDARD = gnu11;
				GCC_NO_COMMON_BLOCKS = YES;
				GCC_WARN_64_TO_32_BIT_CONVERSION = YES;
				GCC_WARN_ABOUT_RETURN_TYPE = YES_ERROR;
				GCC_WARN_UNDECLARED_SELECTOR = YES;
				GCC_WARN_UNINITIALIZED_AUTOS = YES_AGGRESSIVE;
				GCC_WARN_UNUSED_FUNCTION = YES;
				GCC_WARN_UNUSED_VARIABLE = YES;
				IPHONEOS_DEPLOYMENT_TARGET = 12.2;
				MTL_ENABLE_DEBUG_INFO = NO;
				MTL_FAST_MATH = YES;
				SDKROOT = iphoneos;
				VALIDATE_PRODUCT = YES;
			};
			name = Release;
		};
		E4647E9322983FD100BD5354 /* Debug */ = {
			isa = XCBuildConfiguration;
			buildSettings = {
				ASSETCATALOG_COMPILER_APPICON_NAME = AppIcon;
				CLANG_ENABLE_MODULES = YES;
				CODE_SIGN_STYLE = Automatic;
				INFOPLIST_FILE = "$(SRCROOT)/MovieSearchC/Resources/Info.plist";
				LD_RUNPATH_SEARCH_PATHS = (
					"$(inherited)",
					"@executable_path/Frameworks",
				);
				PRODUCT_BUNDLE_IDENTIFIER = devmtn.MovieSearchC;
				PRODUCT_NAME = "$(TARGET_NAME)";
				SWIFT_OBJC_BRIDGING_HEADER = "MovieSearchC/MovieSearchC-Bridging-Header.h";
				SWIFT_OPTIMIZATION_LEVEL = "-Onone";
				SWIFT_VERSION = 5.0;
				TARGETED_DEVICE_FAMILY = "1,2";
			};
			name = Debug;
		};
		E4647E9422983FD100BD5354 /* Release */ = {
			isa = XCBuildConfiguration;
			buildSettings = {
				ASSETCATALOG_COMPILER_APPICON_NAME = AppIcon;
				CLANG_ENABLE_MODULES = YES;
				CODE_SIGN_STYLE = Automatic;
				INFOPLIST_FILE = "$(SRCROOT)/MovieSearchC/Resources/Info.plist";
				LD_RUNPATH_SEARCH_PATHS = (
					"$(inherited)",
					"@executable_path/Frameworks",
				);
				PRODUCT_BUNDLE_IDENTIFIER = devmtn.MovieSearchC;
				PRODUCT_NAME = "$(TARGET_NAME)";
				SWIFT_OBJC_BRIDGING_HEADER = "MovieSearchC/MovieSearchC-Bridging-Header.h";
				SWIFT_VERSION = 5.0;
				TARGETED_DEVICE_FAMILY = "1,2";
			};
			name = Release;
		};
/* End XCBuildConfiguration section */

/* Begin XCConfigurationList section */
		E4647E7722983FCF00BD5354 /* Build configuration list for PBXProject "MovieSearchC" */ = {
			isa = XCConfigurationList;
			buildConfigurations = (
				E4647E9022983FD100BD5354 /* Debug */,
				E4647E9122983FD100BD5354 /* Release */,
			);
			defaultConfigurationIsVisible = 0;
			defaultConfigurationName = Release;
		};
		E4647E9222983FD100BD5354 /* Build configuration list for PBXNativeTarget "MovieSearchC" */ = {
			isa = XCConfigurationList;
			buildConfigurations = (
				E4647E9322983FD100BD5354 /* Debug */,
				E4647E9422983FD100BD5354 /* Release */,
			);
			defaultConfigurationIsVisible = 0;
			defaultConfigurationName = Release;
		};
/* End XCConfigurationList section */
	};
	rootObject = E4647E7422983FCF00BD5354 /* Project object */;
}
